
Microsoft Visual Studio Solution File, Format Version 12.00
# Visual Studio Version 17
VisualStudioVersion = 17.14.36518.9 d17.14
MinimumVisualStudioVersion = 10.0.40219.1
Project("{FAE04EC0-301F-11D3-BF4B-00C04F79EFBC}") = "DocManagerAI", "DocManagerAI.csproj", "{6C7F1C33-5B20-2B96-74B5-03C38B40B263}"
EndProject
Global
	GlobalSection(SolutionConfigurationPlatforms) = preSolution
		Debug|Any CPU = Debug|Any CPU
		Release|Any CPU = Release|Any CPU
	EndGlobalSection
	GlobalSection(ProjectConfigurationPlatforms) = postSolution
		{6C7F1C33-5B20-2B96-74B5-03C38B40B263}.Debug|Any CPU.ActiveCfg = Debug|Any CPU
		{6C7F1C33-5B20-2B96-74B5-03C38B40B263}.Debug|Any CPU.Build.0 = Debug|Any CPU
		{6C7F1C33-5B20-2B96-74B5-03C38B40B263}.Release|Any CPU.ActiveCfg = Release|Any CPU
		{6C7F1C33-5B20-2B96-74B5-03C38B40B263}.Release|Any CPU.Build.0 = Release|Any CPU
	EndGlobalSection
	GlobalSection(SolutionProperties) = preSolution
		HideSolutionNode = FALSE
	EndGlobalSection
	GlobalSection(ExtensibilityGlobals) = postSolution
		SolutionGuid = {CB745B1F-D1CC-4598-91D1-72C837720226}
	EndGlobalSection
EndGlobal
